# This file was autogenerated by Stack.
# You should not edit this file by hand.
# For more information, please see the documentation at:
#   https://docs.haskellstack.org/en/stable/topics/lock_files

packages:
- completed:
    hackage: xmonad-0.18.1@sha256:63fc2e9165f1eba3437fbdd144b263d3c87b41d062340962b1e88a175bdc227b,5971
    pantry-tree:
      sha256: 3b54b66c750c75be50b3c8b6a5093ebbe4dc36e8c79140436e90dcd0f6084f1d
      size: 2486
  original:
    hackage: xmonad-0.18.1
- completed:
    hackage: xmonad-contrib-0.18.2@sha256:03c2e5e0c947e92edb4d46b7f252fe5b0fcc12881edc1e562214c7ae4720d479,23552
    pantry-tree:
      sha256: 2be92ba1ad618c0f37b33b1b767eac6a51c6fce2038ba6cbfc71bed72e36e796
      size: 24216
  original:
    hackage: xmonad-contrib-0.18.2
- completed:
    hackage: xmobar-0.51.1@sha256:bc768aea174f4be81ee1dc3232efa8b845caa957c5ae8d2f55b3e8847b7dd7df,13492
    pantry-tree:
      sha256: 2a1df6192da0c5e408a49994fad5379b1c9799d3ca56a50bd47fa7b8f2f2e083
      size: 9975
  original:
    hackage: xmobar-0.51.1
snapshots:
- completed:
    sha256: 2e84de3088a8643c3743210ec31c50b2aeccf5fb085042d2e43e3ef700e7a2cd
    size: 732461
    url: https://raw.githubusercontent.com/commercialhaskell/stackage-snapshots/master/lts/24/46.yaml
  original: lts-24.46
